{
  "version": "5",
  "specifiers": {
    "jsr:@std/dotenv@0.225": "0.225.6",
    "jsr:@std/internal@^1.0.12": "1.0.12",
    "jsr:@std/path@^1.1.0": "1.1.3"
  },
  "jsr": {
    "@std/dotenv@0.225.6": {
      "integrity": "1d6f9db72f565bd26790fa034c26e45ecb260b5245417be76c2279e5734c421b"
    },
    "@std/internal@1.0.12": {
      "integrity": "972a634fd5bc34b242024402972cd5143eac68d8dffaca5eaa4dba30ce17b027"
    },
    "@std/path@1.1.3": {
      "integrity": "b015962d82a5e6daea980c32b82d2c40142149639968549c649031a230b1afb3",
      "dependencies": [
        "jsr:@std/internal"
      ]
    }
  },
  "workspace": {
    "dependencies": [
      "jsr:@std/dotenv@0.225",
      "jsr:@std/path@^1.1.0"
    ],
    "packageJson": {
      "dependencies": [
        "npm:autoprefixer@^10.4.20",
        "npm:daisyui@^4.12.23",
        "npm:events@^3.3.0",
        "npm:postcss@^8.4.49",
        "npm:tailwindcss@^3.4.17",
        "npm:vite@^6.0.4"
      ]
    }
  }
}
